// !$*UTF8*$!
{
	archiveVersion = 1;
	classes = {
	};
	objectVersion = 50;
	objects = {

/* Begin PBXBuildFile section */
		C405036826D686520024D784 /* AppDelegate.swift in Sources */ = {isa = PBXBuildFile; fileRef = C405036726D686520024D784 /* AppDelegate.swift */; };
		C405036A26D686520024D784 /* SceneDelegate.swift in Sources */ = {isa = PBXBuildFile; fileRef = C405036926D686520024D784 /* SceneDelegate.swift */; };
		C405036C26D686520024D784 /* WelcomeViewController.swift in Sources */ = {isa = PBXBuildFile; fileRef = C405036B26D686520024D784 /* WelcomeViewController.swift */; };
		C405036F26D686520024D784 /* Main.storyboard in Resources */ = {isa = PBXBuildFile; fileRef = C405036D26D686520024D784 /* Main.storyboard */; };
		C405037126D686530024D784 /* Assets.xcassets in Resources */ = {isa = PBXBuildFile; fileRef = C405037026D686530024D784 /* Assets.xcassets */; };
		C405037426D686530024D784 /* LaunchScreen.storyboard in Resources */ = {isa = PBXBuildFile; fileRef = C405037226D686530024D784 /* LaunchScreen.storyboard */; };
		C405037C26D7B7C30024D784 /* QuestionViewController.swift in Sources */ = {isa = PBXBuildFile; fileRef = C405037B26D7B7C30024D784 /* QuestionViewController.swift */; };
		C405038126DB96FF0024D784 /* ResultsViewController.swift in Sources */ = {isa = PBXBuildFile; fileRef = C405038026DB96FF0024D784 /* ResultsViewController.swift */; };
		C405038626DD088C0024D784 /* Question.swift in Sources */ = {isa = PBXBuildFile; fileRef = C405038526DD088C0024D784 /* Question.swift */; };
		C405038826DD09DA0024D784 /* ResponseType.swift in Sources */ = {isa = PBXBuildFile; fileRef = C405038726DD09DA0024D784 /* ResponseType.swift */; };
		C405038A26DD0B150024D784 /* Answer.swift in Sources */ = {isa = PBXBuildFile; fileRef = C405038926DD0B150024D784 /* Answer.swift */; };
		C405038E26DD0DAF0024D784 /* GodType.swift in Sources */ = {isa = PBXBuildFile; fileRef = C405038D26DD0DAF0024D784 /* GodType.swift */; };
/* End PBXBuildFile section */

/* Begin PBXFileReference section */
		C405036426D686520024D784 /* Quiz 2021.app */ = {isa = PBXFileReference; explicitFileType = wrapper.application; includeInIndex = 0; path = "Quiz 2021.app"; sourceTree = BUILT_PRODUCTS_DIR; };
		C405036726D686520024D784 /* AppDelegate.swift */ = {isa = PBXFileReference; lastKnownFileType = sourcecode.swift; path = AppDelegate.swift; sourceTree = "<group>"; };
		C405036926D686520024D784 /* SceneDelegate.swift */ = {isa = PBXFileReference; lastKnownFileType = sourcecode.swift; path = SceneDelegate.swift; sourceTree = "<group>"; };
		C405036B26D686520024D784 /* WelcomeViewController.swift */ = {isa = PBXFileReference; lastKnownFileType = sourcecode.swift; path = WelcomeViewController.swift; sourceTree = "<group>"; };
		C405036E26D686520024D784 /* Base */ = {isa = PBXFileReference; lastKnownFileType = file.storyboard; name = Base; path = Base.lproj/Main.storyboard; sourceTree = "<group>"; };
		C405037026D686530024D784 /* Assets.xcassets */ = {isa = PBXFileReference; lastKnownFileType = folder.assetcatalog; path = Assets.xcassets; sourceTree = "<group>"; };
		C405037326D686530024D784 /* Base */ = {isa = PBXFileReference; lastKnownFileType = file.storyboard; name = Base; path = Base.lproj/LaunchScreen.storyboard; sourceTree = "<group>"; };
		C405037526D686530024D784 /* Info.plist */ = {isa = PBXFileReference; lastKnownFileType = text.plist.xml; path = Info.plist; sourceTree = "<group>"; };
		C405037B26D7B7C30024D784 /* QuestionViewController.swift */ = {isa = PBXFileReference; lastKnownFileType = sourcecode.swift; path = QuestionViewController.swift; sourceTree = "<group>"; };
		C405038026DB96FF0024D784 /* ResultsViewController.swift */ = {isa = PBXFileReference; lastKnownFileType = sourcecode.swift; path = ResultsViewController.swift; sourceTree = "<group>"; };
		C405038526DD088C0024D784 /* Question.swift */ = {isa = PBXFileReference; lastKnownFileType = sourcecode.swift; path = Question.swift; sourceTree = "<group>"; };
		C405038726DD09DA0024D784 /* ResponseType.swift */ = {isa = PBXFileReference; lastKnownFileType = sourcecode.swift; path = ResponseType.swift; sourceTree = "<group>"; };
		C405038926DD0B150024D784 /* Answer.swift */ = {isa = PBXFileReference; lastKnownFileType = sourcecode.swift; path = Answer.swift; sourceTree = "<group>"; };
		C405038D26DD0DAF0024D784 /* GodType.swift */ = {isa = PBXFileReference; lastKnownFileType = sourcecode.swift; path = GodType.swift; sourceTree = "<group>"; };
/* End PBXFileReference section */

/* Begin PBXFrameworksBuildPhase section */
		C405036126D686520024D784 /* Frameworks */ = {
			isa = PBXFrameworksBuildPhase;
			buildActionMask = 2147483647;
			files = (
			);
			runOnlyForDeploymentPostprocessing = 0;
		};
/* End PBXFrameworksBuildPhase section */

/* Begin PBXGroup section */
		C405035B26D686520024D784 = {
			isa = PBXGroup;
			children = (
				C405036626D686520024D784 /* Quiz 2021 */,
				C405036526D686520024D784 /* Products */,
			);
			sourceTree = "<group>";
		};
		C405036526D686520024D784 /* Products */ = {
			isa = PBXGroup;
			children = (
				C405036426D686520024D784 /* Quiz 2021.app */,
			);
			name = Products;
			sourceTree = "<group>";
		};
		C405036626D686520024D784 /* Quiz 2021 */ = {
			isa = PBXGroup;
			children = (
				C405038426DD06850024D784 /* App */,
				C405038226DD05C60024D784 /* Models */,
				C405038326DD06160024D784 /* View */,
				C405037D26D7B8280024D784 /* View Controllers */,
			);
			path = "Quiz 2021";
			sourceTree = "<group>";
		};
		C405037D26D7B8280024D784 /* View Controllers */ = {
			isa = PBXGroup;
			children = (
				C405036B26D686520024D784 /* WelcomeViewController.swift */,
				C405037B26D7B7C30024D784 /* QuestionViewController.swift */,
				C405038026DB96FF0024D784 /* ResultsViewController.swift */,
			);
			path = "View Controllers";
			sourceTree = "<group>";
		};
		C405038226DD05C60024D784 /* Models */ = {
			isa = PBXGroup;
			children = (
				C405038926DD0B150024D784 /* Answer.swift */,
				C405038D26DD0DAF0024D784 /* GodType.swift */,
				C405038526DD088C0024D784 /* Question.swift */,
				C405038726DD09DA0024D784 /* ResponseType.swift */,
			);
			path = Models;
			sourceTree = "<group>";
		};
		C405038326DD06160024D784 /* View */ = {
			isa = PBXGroup;
			children = (
				C405037226D686530024D784 /* LaunchScreen.storyboard */,
				C405036D26D686520024D784 /* Main.storyboard */,
			);
			path = View;
			sourceTree = "<group>";
		};
		C405038426DD06850024D784 /* App */ = {
			isa = PBXGroup;
			children = (
				C405036726D686520024D784 /* AppDelegate.swift */,
				C405037026D686530024D784 /* Assets.xcassets */,
				C405037526D686530024D784 /* Info.plist */,
				C405036926D686520024D784 /* SceneDelegate.swift */,
			);
			path = App;
			sourceTree = "<group>";
		};
/* End PBXGroup section */

/* Begin PBXNativeTarget section */
		C405036326D686520024D784 /* Quiz 2021 */ = {
			isa = PBXNativeTarget;
			buildConfigurationList = C405037826D686530024D784 /* Build configuration list for PBXNativeTarget "Quiz 2021" */;
			buildPhases = (
				C405036026D686520024D784 /* Sources */,
				C405036126D686520024D784 /* Frameworks */,
				C405036226D686520024D784 /* Resources */,
			);
			buildRules = (
			);
			dependencies = (
			);
			name = "Quiz 2021";
			productName = "Quiz 2021";
			productReference = C405036426D686520024D784 /* Quiz 2021.app */;
			productType = "com.apple.product-type.application";
		};
/* End PBXNativeTarget section */

/* Begin PBXProject section */
		C405035C26D686520024D784 /* Project object */ = {
			isa = PBXProject;
			attributes = {
				LastSwiftUpdateCheck = 1250;
				LastUpgradeCheck = 1250;
				TargetAttributes = {
					C405036326D686520024D784 = {
						CreatedOnToolsVersion = 12.5.1;
					};
				};
			};
			buildConfigurationList = C405035F26D686520024D784 /* Build configuration list for PBXProject "Quiz 2021" */;
			compatibilityVersion = "Xcode 9.3";
			developmentRegion = en;
			hasScannedForEncodings = 0;
			knownRegions = (
				en,
				Base,
			);
			mainGroup = C405035B26D686520024D784;
			productRefGroup = C405036526D686520024D784 /* Products */;
			projectDirPath = "";
			projectRoot = "";
			targets = (
				C405036326D686520024D784 /* Quiz 2021 */,
			);
		};
/* End PBXProject section */

/* Begin PBXResourcesBuildPhase section */
		C405036226D686520024D784 /* Resources */ = {
			isa = PBXResourcesBuildPhase;
			buildActionMask = 2147483647;
			files = (
				C405037426D686530024D784 /* LaunchScreen.storyboard in Resources */,
				C405037126D686530024D784 /* Assets.xcassets in Resources */,
				C405036F26D686520024D784 /* Main.storyboard in Resources */,
			);
			runOnlyForDeploymentPostprocessing = 0;
		};
/* End PBXResourcesBuildPhase section */

/* Begin PBXSourcesBuildPhase section */
		C405036026D686520024D784 /* Sources */ = {
			isa = PBXSourcesBuildPhase;
			buildActionMask = 2147483647;
			files = (
				C405038E26DD0DAF0024D784 /* GodType.swift in Sources */,
				C405036C26D686520024D784 /* WelcomeViewController.swift in Sources */,
				C405036826D686520024D784 /* AppDelegate.swift in Sources */,
				C405037C26D7B7C30024D784 /* QuestionViewController.swift in Sources */,
				C405038626DD088C0024D784 /* Question.swift in Sources */,
				C405038126DB96FF0024D784 /* ResultsViewController.swift in Sources */,
				C405036A26D686520024D784 /* SceneDelegate.swift in Sources */,
				C405038826DD09DA0024D784 /* ResponseType.swift in Sources */,
				C405038A26DD0B150024D784 /* Answer.swift in Sources */,
			);
			runOnlyForDeploymentPostprocessing = 0;
		};
/* End PBXSourcesBuildPhase section */

/* Begin PBXVariantGroup section */
		C405036D26D686520024D784 /* Main.storyboard */ = {
			isa = PBXVariantGroup;
			children = (
				C405036E26D686520024D784 /* Base */,
			);
			name = Main.storyboard;
			sourceTree = "<group>";
		};
		C405037226D686530024D784 /* LaunchScreen.storyboard */ = {
			isa = PBXVariantGroup;
			children = (
				C405037326D686530024D784 /* Base */,
			);
			name = LaunchScreen.storyboard;
			sourceTree = "<group>";
		};
/* End PBXVariantGroup section */

/* Begin XCBuildConfiguration section */
		C405037626D686530024D784 /* Debug */ = {
			isa = XCBuildConfiguration;
			buildSettings = {
				ALWAYS_SEARCH_USER_PATHS = NO;
				CLANG_ANALYZER_NONNULL = YES;
				CLANG_ANALYZER_NUMBER_OBJECT_CONVERSION = YES_AGGRESSIVE;
				CLANG_CXX_LANGUAGE_STANDARD = "gnu++14";
				CLANG_CXX_LIBRARY = "libc++";
				CLANG_ENABLE_MODULES = YES;
				CLANG_ENABLE_OBJC_ARC = YES;
				CLANG_ENABLE_OBJC_WEAK = YES;
				CLANG_WARN_BLOCK_CAPTURE_AUTORELEASING = YES;
				CLANG_WARN_BOOL_CONVERSION = YES;
				CLANG_WARN_COMMA = YES;
				CLANG_WARN_CONSTANT_CONVERSION = YES;
				CLANG_WARN_DEPRECATED_OBJC_IMPLEMENTATIONS = YES;
				CLANG_WARN_DIRECT_OBJC_ISA_USAGE = YES_ERROR;
				CLANG_WARN_DOCUMENTATION_COMMENTS = YES;
				CLANG_WARN_EMPTY_BODY = YES;
				CLANG_WARN_ENUM_CONVERSION = YES;
				CLANG_WARN_INFINITE_RECURSION = YES;
				CLANG_WARN_INT_CONVERSION = YES;
				CLANG_WARN_NON_LITERAL_NULL_CONVERSION = YES;
				CLANG_WARN_OBJC_IMPLICIT_RETAIN_SELF = YES;
				CLANG_WARN_OBJC_LITERAL_CONVERSION = YES;
				CLANG_WARN_OBJC_ROOT_CLASS = YES_ERROR;
				CLANG_WARN_QUOTED_INCLUDE_IN_FRAMEWORK_HEADER = YES;
				CLANG_WARN_RANGE_LOOP_ANALYSIS = YES;
				CLANG_WARN_STRICT_PROTOTYPES = YES;
				CLANG_WARN_SUSPICIOUS_MOVE = YES;
				CLANG_WARN_UNGUARDED_AVAILABILITY = YES_AGGRESSIVE;
				CLANG_WARN_UNREACHABLE_CODE = YES;
				CLANG_WARN__DUPLICATE_METHOD_MATCH = YES;
				COPY_PHASE_STRIP = NO;
				DEBUG_INFORMATION_FORMAT = dwarf;
				ENABLE_STRICT_OBJC_MSGSEND = YES;
				ENABLE_TESTABILITY = YES;
				GCC_C_LANGUAGE_STANDARD = gnu11;
				GCC_DYNAMIC_NO_PIC = NO;
				GCC_NO_COMMON_BLOCKS = YES;
				GCC_OPTIMIZATION_LEVEL = 0;
				GCC_PREPROCESSOR_DEFINITIONS = (
					"DEBUG=1",
					"$(inherited)",
				);
				GCC_WARN_64_TO_32_BIT_CONVERSION = YES;
				GCC_WARN_ABOUT_RETURN_TYPE = YES_ERROR;
				GCC_WARN_UNDECLARED_SELECTOR = YES;
				GCC_WARN_UNINITIALIZED_AUTOS = YES_AGGRESSIVE;
				GCC_WARN_UNUSED_FUNCTION = YES;
				GCC_WARN_UNUSED_VARIABLE = YES;
				IPHONEOS_DEPLOYMENT_TARGET = 14.5;
				MTL_ENABLE_DEBUG_INFO = INCLUDE_SOURCE;
				MTL_FAST_MATH = YES;
				ONLY_ACTIVE_ARCH = YES;
				SDKROOT = iphoneos;
				SWIFT_ACTIVE_COMPILATION_CONDITIONS = DEBUG;
				SWIFT_OPTIMIZATION_LEVEL = "-Onone";
			};
			name = Debug;
		};
		C405037726D686530024D784 /* Release */ = {
			isa = XCBuildConfiguration;
			buildSettings = {
				ALWAYS_SEARCH_USER_PATHS = NO;
				CLANG_ANALYZER_NONNULL = YES;
				CLANG_ANALYZER_NUMBER_OBJECT_CONVERSION = YES_AGGRESSIVE;
				CLANG_CXX_LANGUAGE_STANDARD = "gnu++14";
				CLANG_CXX_LIBRARY = "libc++";
				CLANG_ENABLE_MODULES = YES;
				CLANG_ENABLE_OBJC_ARC = YES;
				CLANG_ENABLE_OBJC_WEAK = YES;
				CLANG_WARN_BLOCK_CAPTURE_AUTORELEASING = YES;
				CLANG_WARN_BOOL_CONVERSION = YES;
				CLANG_WARN_COMMA = YES;
				CLANG_WARN_CONSTANT_CONVERSION = YES;
				CLANG_WARN_DEPRECATED_OBJC_IMPLEMENTATIONS = YES;
				CLANG_WARN_DIRECT_OBJC_ISA_USAGE = YES_ERROR;
				CLANG_WARN_DOCUMENTATION_COMMENTS = YES;
				CLANG_WARN_EMPTY_BODY = YES;
				CLANG_WARN_ENUM_CONVERSION = YES;
				CLANG_WARN_INFINITE_RECURSION = YES;
				CLANG_WARN_INT_CONVERSION = YES;
				CLANG_WARN_NON_LITERAL_NULL_CONVERSION = YES;
				CLANG_WARN_OBJC_IMPLICIT_RETAIN_SELF = YES;
				CLANG_WARN_OBJC_LITERAL_CONVERSION = YES;
				CLANG_WARN_OBJC_ROOT_CLASS = YES_ERROR;
				CLANG_WARN_QUOTED_INCLUDE_IN_FRAMEWORK_HEADER = YES;
				CLANG_WARN_RANGE_LOOP_ANALYSIS = YES;
				CLANG_WARN_STRICT_PROTOTYPES = YES;
				CLANG_WARN_SUSPICIOUS_MOVE = YES;
				CLANG_WARN_UNGUARDED_AVAILABILITY = YES_AGGRESSIVE;
				CLANG_WARN_UNREACHABLE_CODE = YES;
				CLANG_WARN__DUPLICATE_METHOD_MATCH = YES;
				COPY_PHASE_STRIP = NO;
				DEBUG_INFORMATION_FORMAT = "dwarf-with-dsym";
				ENABLE_NS_ASSERTIONS = NO;
				ENABLE_STRICT_OBJC_MSGSEND = YES;
				GCC_C_LANGUAGE_STANDARD = gnu11;
				GCC_NO_COMMON_BLOCKS = YES;
				GCC_WARN_64_TO_32_BIT_CONVERSION = YES;
				GCC_WARN_ABOUT_RETURN_TYPE = YES_ERROR;
				GCC_WARN_UNDECLARED_SELECTOR = YES;
				GCC_WARN_UNINITIALIZED_AUTOS = YES_AGGRESSIVE;
				GCC_WARN_UNUSED_FUNCTION = YES;
				GCC_WARN_UNUSED_VARIABLE = YES;
				IPHONEOS_DEPLOYMENT_TARGET = 14.5;
				MTL_ENABLE_DEBUG_INFO = NO;
				MTL_FAST_MATH = YES;
				SDKROOT = iphoneos;
				SWIFT_COMPILATION_MODE = wholemodule;
				SWIFT_OPTIMIZATION_LEVEL = "-O";
				VALIDATE_PRODUCT = YES;
			};
			name = Release;
		};
		C405037926D686530024D784 /* Debug */ = {
			isa = XCBuildConfiguration;
			buildSettings = {
				ASSETCATALOG_COMPILER_APPICON_NAME = AppIcon;
				ASSETCATALOG_COMPILER_GLOBAL_ACCENT_COLOR_NAME = AccentColor;
				CODE_SIGN_STYLE = Automatic;
				DEVELOPMENT_TEAM = 9V3TAVF7A9;
				INFOPLIST_FILE = "Quiz 2021/App/Info.plist";
				LD_RUNPATH_SEARCH_PATHS = (
					"$(inherited)",
					"@executable_path/Frameworks",
				);
				PRODUCT_BUNDLE_IDENTIFIER = "app8bob.Quiz-2021";
				PRODUCT_NAME = "$(TARGET_NAME)";
				SWIFT_VERSION = 5.0;
				TARGETED_DEVICE_FAMILY = "1,2";
			};
			name = Debug;
		};
		C405037A26D686530024D784 /* Release */ = {
			isa = XCBuildConfiguration;
			buildSettings = {
				ASSETCATALOG_COMPILER_APPICON_NAME = AppIcon;
				ASSETCATALOG_COMPILER_GLOBAL_ACCENT_COLOR_NAME = AccentColor;
				CODE_SIGN_STYLE = Automatic;
				DEVELOPMENT_TEAM = 9V3TAVF7A9;
				INFOPLIST_FILE = "Quiz 2021/App/Info.plist";
				LD_RUNPATH_SEARCH_PATHS = (
					"$(inherited)",
					"@executable_path/Frameworks",
				);
				PRODUCT_BUNDLE_IDENTIFIER = "app8bob.Quiz-2021";
				PRODUCT_NAME = "$(TARGET_NAME)";
				SWIFT_VERSION = 5.0;
				TARGETED_DEVICE_FAMILY = "1,2";
			};
			name = Release;
		};
/* End XCBuildConfiguration section */

/* Begin XCConfigurationList section */
		C405035F26D686520024D784 /* Build configuration list for PBXProject "Quiz 2021" */ = {
			isa = XCConfigurationList;
			buildConfigurations = (
				C405037626D686530024D784 /* Debug */,
				C405037726D686530024D784 /* Release */,
			);
			defaultConfigurationIsVisible = 0;
			defaultConfigurationName = Release;
		};
		C405037826D686530024D784 /* Build configuration list for PBXNativeTarget "Quiz 2021" */ = {
			isa = XCConfigurationList;
			buildConfigurations = (
				C405037926D686530024D784 /* Debug */,
				C405037A26D686530024D784 /* Release */,
			);
			defaultConfigurationIsVisible = 0;
			defaultConfigurationName = Release;
		};
/* End XCConfigurationList section */
	};
	rootObject = C405035C26D686520024D784 /* Project object */;
}
